
Microsoft Visual Studio Solution File, Format Version 12.00
# Visual Studio 14
VisualStudioVersion = 14.0.25420.1
MinimumVisualStudioVersion = 10.0.40219.1
Project("{FAE04EC0-301F-11D3-BF4B-00C04F79EFBC}") = "FT232 XSVF Player", "FT232 SVF Player\FT232 XSVF Player.csproj", "{0FD6A9C1-012C-4D80-80B0-959AFED8E95F}"
EndProject
Project("{8BC9CEB8-8B4A-11D0-8D11-00A0C91BC942}") = "XSVF DLL", "XSVF\XSVF.vcxproj", "{ADB81AB4-2CDA-4C89-A0A6-4CFFE25712A2}"
EndProject
Project("{8BC9CEB8-8B4A-11D0-8D11-00A0C91BC942}") = "Lib(X)SFV", "Lib(X)SFV\Lib(X)SFV.vcxproj", "{F216A454-32CE-41BF-9688-8678E809356F}"
EndProject
Global
	GlobalSection(SolutionConfigurationPlatforms) = preSolution
		Debug|Any CPU = Debug|Any CPU
		Debug|x64 = Debug|x64
		Debug|x86 = Debug|x86
		Release|Any CPU = Release|Any CPU
		Release|x64 = Release|x64
		Release|x86 = Release|x86
	EndGlobalSection
	GlobalSection(ProjectConfigurationPlatforms) = postSolution
		{0FD6A9C1-012C-4D80-80B0-959AFED8E95F}.Debug|Any CPU.ActiveCfg = Debug|Any CPU
		{0FD6A9C1-012C-4D80-80B0-959AFED8E95F}.Debug|Any CPU.Build.0 = Debug|Any CPU
		{0FD6A9C1-012C-4D80-80B0-959AFED8E95F}.Debug|x64.ActiveCfg = Debug|Any CPU
		{0FD6A9C1-012C-4D80-80B0-959AFED8E95F}.Debug|x64.Build.0 = Debug|Any CPU
		{0FD6A9C1-012C-4D80-80B0-959AFED8E95F}.Debug|x86.ActiveCfg = Debug|Any CPU
		{0FD6A9C1-012C-4D80-80B0-959AFED8E95F}.Debug|x86.Build.0 = Debug|Any CPU
		{0FD6A9C1-012C-4D80-80B0-959AFED8E95F}.Release|Any CPU.ActiveCfg = Release|Any CPU
		{0FD6A9C1-012C-4D80-80B0-959AFED8E95F}.Release|Any CPU.Build.0 = Release|Any CPU
		{0FD6A9C1-012C-4D80-80B0-959AFED8E95F}.Release|x64.ActiveCfg = Release|Any CPU
		{0FD6A9C1-012C-4D80-80B0-959AFED8E95F}.Release|x64.Build.0 = Release|Any CPU
		{0FD6A9C1-012C-4D80-80B0-959AFED8E95F}.Release|x86.ActiveCfg = Release|Any CPU
		{0FD6A9C1-012C-4D80-80B0-959AFED8E95F}.Release|x86.Build.0 = Release|Any CPU
		{ADB81AB4-2CDA-4C89-A0A6-4CFFE25712A2}.Debug|Any CPU.ActiveCfg = Debug|Win32
		{ADB81AB4-2CDA-4C89-A0A6-4CFFE25712A2}.Debug|x64.ActiveCfg = Debug|x64
		{ADB81AB4-2CDA-4C89-A0A6-4CFFE25712A2}.Debug|x64.Build.0 = Debug|x64
		{ADB81AB4-2CDA-4C89-A0A6-4CFFE25712A2}.Debug|x86.ActiveCfg = Debug|Win32
		{ADB81AB4-2CDA-4C89-A0A6-4CFFE25712A2}.Debug|x86.Build.0 = Debug|Win32
		{ADB81AB4-2CDA-4C89-A0A6-4CFFE25712A2}.Release|Any CPU.ActiveCfg = Release|Win32
		{ADB81AB4-2CDA-4C89-A0A6-4CFFE25712A2}.Release|x64.ActiveCfg = Release|x64
		{ADB81AB4-2CDA-4C89-A0A6-4CFFE25712A2}.Release|x64.Build.0 = Release|x64
		{ADB81AB4-2CDA-4C89-A0A6-4CFFE25712A2}.Release|x86.ActiveCfg = Release|Win32
		{ADB81AB4-2CDA-4C89-A0A6-4CFFE25712A2}.Release|x86.Build.0 = Release|Win32
		{F216A454-32CE-41BF-9688-8678E809356F}.Debug|Any CPU.ActiveCfg = Debug|Win32
		{F216A454-32CE-41BF-9688-8678E809356F}.Debug|x64.ActiveCfg = Debug|x64
		{F216A454-32CE-41BF-9688-8678E809356F}.Debug|x64.Build.0 = Debug|x64
		{F216A454-32CE-41BF-9688-8678E809356F}.Debug|x86.ActiveCfg = Debug|Win32
		{F216A454-32CE-41BF-9688-8678E809356F}.Debug|x86.Build.0 = Debug|Win32
		{F216A454-32CE-41BF-9688-8678E809356F}.Release|Any CPU.ActiveCfg = Release|Win32
		{F216A454-32CE-41BF-9688-8678E809356F}.Release|x64.ActiveCfg = Release|x64
		{F216A454-32CE-41BF-9688-8678E809356F}.Release|x64.Build.0 = Release|x64
		{F216A454-32CE-41BF-9688-8678E809356F}.Release|x86.ActiveCfg = Release|Win32
		{F216A454-32CE-41BF-9688-8678E809356F}.Release|x86.Build.0 = Release|Win32
	EndGlobalSection
	GlobalSection(SolutionProperties) = preSolution
		HideSolutionNode = FALSE
	EndGlobalSection
EndGlobal
